
Microsoft Visual Studio Solution File, Format Version 12.00
# Visual Studio 14
VisualStudioVersion = 14.0.25420.1
MinimumVisualStudioVersion = 10.0.40219.1
Project("{8BC9CEB8-8B4A-11D0-8D11-00A0C91BC942}") = "Wchar", "ConsoleApplication7\ConsoleApplication7.vcxproj", "{B91CF751-0D45-4F84-A195-21835644B6C4}"
EndProject
Project("{8BC9CEB8-8B4A-11D0-8D11-00A0C91BC942}") = "ExpandEnv", "ConsoleApplication1\ConsoleApplication1.vcxproj", "{AD86AC1D-A170-4869-8D69-4F71AA6A6266}"
EndProject
Project("{8BC9CEB8-8B4A-11D0-8D11-00A0C91BC942}") = "CommandLineArg", "ConsoleApplication2\ConsoleApplication2.vcxproj", "{F5D0620F-5B0E-4A92-B8EA-F8978EB0C65B}"
EndProject
Project("{8BC9CEB8-8B4A-11D0-8D11-00A0C91BC942}") = "ReadFile", "ConsoleApplication3\ConsoleApplication3.vcxproj", "{E2490F00-5464-42A1-A9D7-7197C3491CFE}"
EndProject
Project("{8BC9CEB8-8B4A-11D0-8D11-00A0C91BC942}") = "WriteFile", "ConsoleApplication4\ConsoleApplication4.vcxproj", "{18B2778D-5706-45B6-BFCD-0653A244E5DC}"
EndProject
Project("{8BC9CEB8-8B4A-11D0-8D11-00A0C91BC942}") = "Event", "ConsoleApplication6\ConsoleApplication6.vcxproj", "{F6D9E95F-1317-457D-8809-C737BEA6AB2F}"
EndProject
Project("{8BC9CEB8-8B4A-11D0-8D11-00A0C91BC942}") = "Signle Thread", "ConsoleApplication8\ConsoleApplication8.vcxproj", "{E82D46B8-116D-4C24-ADF4-C579B146F5DD}"
EndProject
Project("{8BC9CEB8-8B4A-11D0-8D11-00A0C91BC942}") = "MultipleThreads", "ConsoleApplication9\ConsoleApplication9.vcxproj", "{8C8BDB0D-F4E0-4552-B879-99296426FC23}"
EndProject
Project("{8BC9CEB8-8B4A-11D0-8D11-00A0C91BC942}") = "AtomicAcccess", "ConsoleApplication10\ConsoleApplication10.vcxproj", "{95B2A5DE-7A45-4320-AFD3-7EEAE13A54EA}"
EndProject
Project("{8BC9CEB8-8B4A-11D0-8D11-00A0C91BC942}") = "Process", "ConsoleApplication11\ConsoleApplication11.vcxproj", "{8D95593E-B616-4CEA-9997-F4E9E2DA5E7A}"
EndProject
Project("{8BC9CEB8-8B4A-11D0-8D11-00A0C91BC942}") = "ChildProcess", "ChildProcess\ChildProcess.vcxproj", "{7A0E09FB-C93D-4E99-8B78-2915D59485E3}"
EndProject
Project("{8BC9CEB8-8B4A-11D0-8D11-00A0C91BC942}") = "ThreadInfo", "ThreadInfo\ThreadInfo.vcxproj", "{5B8C08C7-1BEF-4413-81C4-5CF4F2167361}"
EndProject
Project("{8BC9CEB8-8B4A-11D0-8D11-00A0C91BC942}") = "HandleInherit", "HandleInherit\HandleInherit.vcxproj", "{A88BEC17-38F3-49EE-BACE-EB485A85B0F2}"
EndProject
Project("{8BC9CEB8-8B4A-11D0-8D11-00A0C91BC942}") = "MultiFileHandleInheritance", "MultiFileHandleInheritance\MultiFileHandleInheritance.vcxproj", "{3E749BED-0826-46ED-B7A8-4432F598110F}"
EndProject
Project("{8BC9CEB8-8B4A-11D0-8D11-00A0C91BC942}") = "Create Thread", "Create Thread\Create Thread.vcxproj", "{22F78BF6-FDA9-4555-B3DF-FF1DAFA1C46D}"
EndProject
Project("{8BC9CEB8-8B4A-11D0-8D11-00A0C91BC942}") = "Terminate Thread", "Terminate Thread\Terminate Thread.vcxproj", "{E0761C70-9E80-465B-9173-FFB5F63BEBA0}"
EndProject
Project("{8BC9CEB8-8B4A-11D0-8D11-00A0C91BC942}") = "CriticalSection", "CriticalSection\CriticalSection.vcxproj", "{D06D25D4-A6BD-4221-B5C7-18FDB8A78951}"
EndProject
Project("{8BC9CEB8-8B4A-11D0-8D11-00A0C91BC942}") = "SRW", "SRW\SRW.vcxproj", "{080779A8-6701-4DE2-8A54-2F44BD27AF99}"
EndProject
Project("{8BC9CEB8-8B4A-11D0-8D11-00A0C91BC942}") = "dllllll", "dllllll\dllllll.vcxproj", "{D3DDC447-97A9-4AB4-94DE-1AF821857768}"
EndProject
Project("{8BC9CEB8-8B4A-11D0-8D11-00A0C91BC942}") = "LibraryProject", "LibraryProject\LibraryProject.vcxproj", "{8D897E93-F07F-4C82-934A-56C0037E4758}"
EndProject
Project("{8BC9CEB8-8B4A-11D0-8D11-00A0C91BC942}") = "WaitForSignleObj", "WaitForSignleObj\WaitForSignleObj.vcxproj", "{D2330656-664C-423F-AA2C-64A59FB3A87D}"
EndProject
Project("{8BC9CEB8-8B4A-11D0-8D11-00A0C91BC942}") = "WaitForMultipleObjects", "WaitForMultipleObjects\WaitForMultipleObjects.vcxproj", "{62ABD286-EFF8-4387-BE6A-2F21BA126B47}"
EndProject
Project("{8BC9CEB8-8B4A-11D0-8D11-00A0C91BC942}") = "WaitForAllThreads", "WaitForAllThreads\WaitForAllThreads.vcxproj", "{FB129E0D-A736-4E93-A9B9-64D7C1D75A86}"
EndProject
Project("{8BC9CEB8-8B4A-11D0-8D11-00A0C91BC942}") = "WaitForSingleObject", "WaitForSingleObject\WaitForSingleObject.vcxproj", "{8E9D32E2-8E0D-4398-A903-24CDAE5FC17D}"
EndProject
Project("{8BC9CEB8-8B4A-11D0-8D11-00A0C91BC942}") = "WaitForSingleObjectSemaphore", "WaitForSingleObjectSemaphore\WaitForSingleObjectSemaphore.vcxproj", "{D9FA8925-38D4-4125-9534-6AF6C808B4AD}"
EndProject
Global
	GlobalSection(SolutionConfigurationPlatforms) = preSolution
		Debug|x64 = Debug|x64
		Debug|x86 = Debug|x86
		Release|x64 = Release|x64
		Release|x86 = Release|x86
	EndGlobalSection
	GlobalSection(ProjectConfigurationPlatforms) = postSolution
		{B91CF751-0D45-4F84-A195-21835644B6C4}.Debug|x64.ActiveCfg = Debug|x64
		{B91CF751-0D45-4F84-A195-21835644B6C4}.Debug|x64.Build.0 = Debug|x64
		{B91CF751-0D45-4F84-A195-21835644B6C4}.Debug|x86.ActiveCfg = Debug|Win32
		{B91CF751-0D45-4F84-A195-21835644B6C4}.Debug|x86.Build.0 = Debug|Win32
		{B91CF751-0D45-4F84-A195-21835644B6C4}.Release|x64.ActiveCfg = Release|x64
		{B91CF751-0D45-4F84-A195-21835644B6C4}.Release|x64.Build.0 = Release|x64
		{B91CF751-0D45-4F84-A195-21835644B6C4}.Release|x86.ActiveCfg = Release|Win32
		{B91CF751-0D45-4F84-A195-21835644B6C4}.Release|x86.Build.0 = Release|Win32
		{AD86AC1D-A170-4869-8D69-4F71AA6A6266}.Debug|x64.ActiveCfg = Debug|x64
		{AD86AC1D-A170-4869-8D69-4F71AA6A6266}.Debug|x64.Build.0 = Debug|x64
		{AD86AC1D-A170-4869-8D69-4F71AA6A6266}.Debug|x86.ActiveCfg = Debug|Win32
		{AD86AC1D-A170-4869-8D69-4F71AA6A6266}.Debug|x86.Build.0 = Debug|Win32
		{AD86AC1D-A170-4869-8D69-4F71AA6A6266}.Release|x64.ActiveCfg = Release|x64
		{AD86AC1D-A170-4869-8D69-4F71AA6A6266}.Release|x64.Build.0 = Release|x64
		{AD86AC1D-A170-4869-8D69-4F71AA6A6266}.Release|x86.ActiveCfg = Release|Win32
		{AD86AC1D-A170-4869-8D69-4F71AA6A6266}.Release|x86.Build.0 = Release|Win32
		{F5D0620F-5B0E-4A92-B8EA-F8978EB0C65B}.Debug|x64.ActiveCfg = Debug|x64
		{F5D0620F-5B0E-4A92-B8EA-F8978EB0C65B}.Debug|x64.Build.0 = Debug|x64
		{F5D0620F-5B0E-4A92-B8EA-F8978EB0C65B}.Debug|x86.ActiveCfg = Debug|Win32
		{F5D0620F-5B0E-4A92-B8EA-F8978EB0C65B}.Debug|x86.Build.0 = Debug|Win32
		{F5D0620F-5B0E-4A92-B8EA-F8978EB0C65B}.Release|x64.ActiveCfg = Release|x64
		{F5D0620F-5B0E-4A92-B8EA-F8978EB0C65B}.Release|x64.Build.0 = Release|x64
		{F5D0620F-5B0E-4A92-B8EA-F8978EB0C65B}.Release|x86.ActiveCfg = Release|Win32
		{F5D0620F-5B0E-4A92-B8EA-F8978EB0C65B}.Release|x86.Build.0 = Release|Win32
		{E2490F00-5464-42A1-A9D7-7197C3491CFE}.Debug|x64.ActiveCfg = Debug|x64
		{E2490F00-5464-42A1-A9D7-7197C3491CFE}.Debug|x64.Build.0 = Debug|x64
		{E2490F00-5464-42A1-A9D7-7197C3491CFE}.Debug|x86.ActiveCfg = Debug|Win32
		{E2490F00-5464-42A1-A9D7-7197C3491CFE}.Debug|x86.Build.0 = Debug|Win32
		{E2490F00-5464-42A1-A9D7-7197C3491CFE}.Release|x64.ActiveCfg = Release|x64
		{E2490F00-5464-42A1-A9D7-7197C3491CFE}.Release|x64.Build.0 = Release|x64
		{E2490F00-5464-42A1-A9D7-7197C3491CFE}.Release|x86.ActiveCfg = Release|Win32
		{E2490F00-5464-42A1-A9D7-7197C3491CFE}.Release|x86.Build.0 = Release|Win32
		{18B2778D-5706-45B6-BFCD-0653A244E5DC}.Debug|x64.ActiveCfg = Debug|x64
		{18B2778D-5706-45B6-BFCD-0653A244E5DC}.Debug|x64.Build.0 = Debug|x64
		{18B2778D-5706-45B6-BFCD-0653A244E5DC}.Debug|x86.ActiveCfg = Debug|Win32
		{18B2778D-5706-45B6-BFCD-0653A244E5DC}.Debug|x86.Build.0 = Debug|Win32
		{18B2778D-5706-45B6-BFCD-0653A244E5DC}.Release|x64.ActiveCfg = Release|x64
		{18B2778D-5706-45B6-BFCD-0653A244E5DC}.Release|x64.Build.0 = Release|x64
		{18B2778D-5706-45B6-BFCD-0653A244E5DC}.Release|x86.ActiveCfg = Release|Win32
		{18B2778D-5706-45B6-BFCD-0653A244E5DC}.Release|x86.Build.0 = Release|Win32
		{F6D9E95F-1317-457D-8809-C737BEA6AB2F}.Debug|x64.ActiveCfg = Debug|x64
		{F6D9E95F-1317-457D-8809-C737BEA6AB2F}.Debug|x64.Build.0 = Debug|x64
		{F6D9E95F-1317-457D-8809-C737BEA6AB2F}.Debug|x86.ActiveCfg = Debug|Win32
		{F6D9E95F-1317-457D-8809-C737BEA6AB2F}.Debug|x86.Build.0 = Debug|Win32
		{F6D9E95F-1317-457D-8809-C737BEA6AB2F}.Release|x64.ActiveCfg = Release|x64
		{F6D9E95F-1317-457D-8809-C737BEA6AB2F}.Release|x64.Build.0 = Release|x64
		{F6D9E95F-1317-457D-8809-C737BEA6AB2F}.Release|x86.ActiveCfg = Release|Win32
		{F6D9E95F-1317-457D-8809-C737BEA6AB2F}.Release|x86.Build.0 = Release|Win32
		{E82D46B8-116D-4C24-ADF4-C579B146F5DD}.Debug|x64.ActiveCfg = Debug|x64
		{E82D46B8-116D-4C24-ADF4-C579B146F5DD}.Debug|x64.Build.0 = Debug|x64
		{E82D46B8-116D-4C24-ADF4-C579B146F5DD}.Debug|x86.ActiveCfg = Debug|Win32
		{E82D46B8-116D-4C24-ADF4-C579B146F5DD}.Debug|x86.Build.0 = Debug|Win32
		{E82D46B8-116D-4C24-ADF4-C579B146F5DD}.Release|x64.ActiveCfg = Release|x64
		{E82D46B8-116D-4C24-ADF4-C579B146F5DD}.Release|x64.Build.0 = Release|x64
		{E82D46B8-116D-4C24-ADF4-C579B146F5DD}.Release|x86.ActiveCfg = Release|Win32
		{E82D46B8-116D-4C24-ADF4-C579B146F5DD}.Release|x86.Build.0 = Release|Win32
		{8C8BDB0D-F4E0-4552-B879-99296426FC23}.Debug|x64.ActiveCfg = Debug|x64
		{8C8BDB0D-F4E0-4552-B879-99296426FC23}.Debug|x64.Build.0 = Debug|x64
		{8C8BDB0D-F4E0-4552-B879-99296426FC23}.Debug|x86.ActiveCfg = Debug|Win32
		{8C8BDB0D-F4E0-4552-B879-99296426FC23}.Debug|x86.Build.0 = Debug|Win32
		{8C8BDB0D-F4E0-4552-B879-99296426FC23}.Release|x64.ActiveCfg = Release|x64
		{8C8BDB0D-F4E0-4552-B879-99296426FC23}.Release|x64.Build.0 = Release|x64
		{8C8BDB0D-F4E0-4552-B879-99296426FC23}.Release|x86.ActiveCfg = Release|Win32
		{8C8BDB0D-F4E0-4552-B879-99296426FC23}.Release|x86.Build.0 = Release|Win32
		{95B2A5DE-7A45-4320-AFD3-7EEAE13A54EA}.Debug|x64.ActiveCfg = Debug|x64
		{95B2A5DE-7A45-4320-AFD3-7EEAE13A54EA}.Debug|x64.Build.0 = Debug|x64
		{95B2A5DE-7A45-4320-AFD3-7EEAE13A54EA}.Debug|x86.ActiveCfg = Debug|Win32
		{95B2A5DE-7A45-4320-AFD3-7EEAE13A54EA}.Debug|x86.Build.0 = Debug|Win32
		{95B2A5DE-7A45-4320-AFD3-7EEAE13A54EA}.Release|x64.ActiveCfg = Release|x64
		{95B2A5DE-7A45-4320-AFD3-7EEAE13A54EA}.Release|x64.Build.0 = Release|x64
		{95B2A5DE-7A45-4320-AFD3-7EEAE13A54EA}.Release|x86.ActiveCfg = Release|Win32
		{95B2A5DE-7A45-4320-AFD3-7EEAE13A54EA}.Release|x86.Build.0 = Release|Win32
		{8D95593E-B616-4CEA-9997-F4E9E2DA5E7A}.Debug|x64.ActiveCfg = Debug|x64
		{8D95593E-B616-4CEA-9997-F4E9E2DA5E7A}.Debug|x64.Build.0 = Debug|x64
		{8D95593E-B616-4CEA-9997-F4E9E2DA5E7A}.Debug|x86.ActiveCfg = Debug|Win32
		{8D95593E-B616-4CEA-9997-F4E9E2DA5E7A}.Debug|x86.Build.0 = Debug|Win32
		{8D95593E-B616-4CEA-9997-F4E9E2DA5E7A}.Release|x64.ActiveCfg = Release|x64
		{8D95593E-B616-4CEA-9997-F4E9E2DA5E7A}.Release|x64.Build.0 = Release|x64
		{8D95593E-B616-4CEA-9997-F4E9E2DA5E7A}.Release|x86.ActiveCfg = Release|Win32
		{8D95593E-B616-4CEA-9997-F4E9E2DA5E7A}.Release|x86.Build.0 = Release|Win32
		{7A0E09FB-C93D-4E99-8B78-2915D59485E3}.Debug|x64.ActiveCfg = Debug|x64
		{7A0E09FB-C93D-4E99-8B78-2915D59485E3}.Debug|x64.Build.0 = Debug|x64
		{7A0E09FB-C93D-4E99-8B78-2915D59485E3}.Debug|x86.ActiveCfg = Debug|Win32
		{7A0E09FB-C93D-4E99-8B78-2915D59485E3}.Debug|x86.Build.0 = Debug|Win32
		{7A0E09FB-C93D-4E99-8B78-2915D59485E3}.Release|x64.ActiveCfg = Release|x64
		{7A0E09FB-C93D-4E99-8B78-2915D59485E3}.Release|x64.Build.0 = Release|x64
		{7A0E09FB-C93D-4E99-8B78-2915D59485E3}.Release|x86.ActiveCfg = Release|Win32
		{7A0E09FB-C93D-4E99-8B78-2915D59485E3}.Release|x86.Build.0 = Release|Win32
		{5B8C08C7-1BEF-4413-81C4-5CF4F2167361}.Debug|x64.ActiveCfg = Debug|x64
		{5B8C08C7-1BEF-4413-81C4-5CF4F2167361}.Debug|x64.Build.0 = Debug|x64
		{5B8C08C7-1BEF-4413-81C4-5CF4F2167361}.Debug|x86.ActiveCfg = Debug|Win32
		{5B8C08C7-1BEF-4413-81C4-5CF4F2167361}.Debug|x86.Build.0 = Debug|Win32
		{5B8C08C7-1BEF-4413-81C4-5CF4F2167361}.Release|x64.ActiveCfg = Release|x64
		{5B8C08C7-1BEF-4413-81C4-5CF4F2167361}.Release|x64.Build.0 = Release|x64
		{5B8C08C7-1BEF-4413-81C4-5CF4F2167361}.Release|x86.ActiveCfg = Release|Win32
		{5B8C08C7-1BEF-4413-81C4-5CF4F2167361}.Release|x86.Build.0 = Release|Win32
		{A88BEC17-38F3-49EE-BACE-EB485A85B0F2}.Debug|x64.ActiveCfg = Debug|x64
		{A88BEC17-38F3-49EE-BACE-EB485A85B0F2}.Debug|x64.Build.0 = Debug|x64
		{A88BEC17-38F3-49EE-BACE-EB485A85B0F2}.Debug|x86.ActiveCfg = Debug|Win32
		{A88BEC17-38F3-49EE-BACE-EB485A85B0F2}.Debug|x86.Build.0 = Debug|Win32
		{A88BEC17-38F3-49EE-BACE-EB485A85B0F2}.Release|x64.ActiveCfg = Release|x64
		{A88BEC17-38F3-49EE-BACE-EB485A85B0F2}.Release|x64.Build.0 = Release|x64
		{A88BEC17-38F3-49EE-BACE-EB485A85B0F2}.Release|x86.ActiveCfg = Release|Win32
		{A88BEC17-38F3-49EE-BACE-EB485A85B0F2}.Release|x86.Build.0 = Release|Win32
		{3E749BED-0826-46ED-B7A8-4432F598110F}.Debug|x64.ActiveCfg = Debug|x64
		{3E749BED-0826-46ED-B7A8-4432F598110F}.Debug|x64.Build.0 = Debug|x64
		{3E749BED-0826-46ED-B7A8-4432F598110F}.Debug|x86.ActiveCfg = Debug|Win32
		{3E749BED-0826-46ED-B7A8-4432F598110F}.Debug|x86.Build.0 = Debug|Win32
		{3E749BED-0826-46ED-B7A8-4432F598110F}.Release|x64.ActiveCfg = Release|x64
		{3E749BED-0826-46ED-B7A8-4432F598110F}.Release|x64.Build.0 = Release|x64
		{3E749BED-0826-46ED-B7A8-4432F598110F}.Release|x86.ActiveCfg = Release|Win32
		{3E749BED-0826-46ED-B7A8-4432F598110F}.Release|x86.Build.0 = Release|Win32
		{22F78BF6-FDA9-4555-B3DF-FF1DAFA1C46D}.Debug|x64.ActiveCfg = Debug|x64
		{22F78BF6-FDA9-4555-B3DF-FF1DAFA1C46D}.Debug|x64.Build.0 = Debug|x64
		{22F78BF6-FDA9-4555-B3DF-FF1DAFA1C46D}.Debug|x86.ActiveCfg = Debug|Win32
		{22F78BF6-FDA9-4555-B3DF-FF1DAFA1C46D}.Debug|x86.Build.0 = Debug|Win32
		{22F78BF6-FDA9-4555-B3DF-FF1DAFA1C46D}.Release|x64.ActiveCfg = Release|x64
		{22F78BF6-FDA9-4555-B3DF-FF1DAFA1C46D}.Release|x64.Build.0 = Release|x64
		{22F78BF6-FDA9-4555-B3DF-FF1DAFA1C46D}.Release|x86.ActiveCfg = Release|Win32
		{22F78BF6-FDA9-4555-B3DF-FF1DAFA1C46D}.Release|x86.Build.0 = Release|Win32
		{E0761C70-9E80-465B-9173-FFB5F63BEBA0}.Debug|x64.ActiveCfg = Debug|x64
		{E0761C70-9E80-465B-9173-FFB5F63BEBA0}.Debug|x64.Build.0 = Debug|x64
		{E0761C70-9E80-465B-9173-FFB5F63BEBA0}.Debug|x86.ActiveCfg = Debug|Win32
		{E0761C70-9E80-465B-9173-FFB5F63BEBA0}.Debug|x86.Build.0 = Debug|Win32
		{E0761C70-9E80-465B-9173-FFB5F63BEBA0}.Release|x64.ActiveCfg = Release|x64
		{E0761C70-9E80-465B-9173-FFB5F63BEBA0}.Release|x64.Build.0 = Release|x64
		{E0761C70-9E80-465B-9173-FFB5F63BEBA0}.Release|x86.ActiveCfg = Release|Win32
		{E0761C70-9E80-465B-9173-FFB5F63BEBA0}.Release|x86.Build.0 = Release|Win32
		{D06D25D4-A6BD-4221-B5C7-18FDB8A78951}.Debug|x64.ActiveCfg = Debug|x64
		{D06D25D4-A6BD-4221-B5C7-18FDB8A78951}.Debug|x64.Build.0 = Debug|x64
		{D06D25D4-A6BD-4221-B5C7-18FDB8A78951}.Debug|x86.ActiveCfg = Debug|Win32
		{D06D25D4-A6BD-4221-B5C7-18FDB8A78951}.Debug|x86.Build.0 = Debug|Win32
		{D06D25D4-A6BD-4221-B5C7-18FDB8A78951}.Release|x64.ActiveCfg = Release|x64
		{D06D25D4-A6BD-4221-B5C7-18FDB8A78951}.Release|x64.Build.0 = Release|x64
		{D06D25D4-A6BD-4221-B5C7-18FDB8A78951}.Release|x86.ActiveCfg = Release|Win32
		{D06D25D4-A6BD-4221-B5C7-18FDB8A78951}.Release|x86.Build.0 = Release|Win32
		{080779A8-6701-4DE2-8A54-2F44BD27AF99}.Debug|x64.ActiveCfg = Debug|x64
		{080779A8-6701-4DE2-8A54-2F44BD27AF99}.Debug|x64.Build.0 = Debug|x64
		{080779A8-6701-4DE2-8A54-2F44BD27AF99}.Debug|x86.ActiveCfg = Debug|Win32
		{080779A8-6701-4DE2-8A54-2F44BD27AF99}.Debug|x86.Build.0 = Debug|Win32
		{080779A8-6701-4DE2-8A54-2F44BD27AF99}.Release|x64.ActiveCfg = Release|x64
		{080779A8-6701-4DE2-8A54-2F44BD27AF99}.Release|x64.Build.0 = Release|x64
		{080779A8-6701-4DE2-8A54-2F44BD27AF99}.Release|x86.ActiveCfg = Release|Win32
		{080779A8-6701-4DE2-8A54-2F44BD27AF99}.Release|x86.Build.0 = Release|Win32
		{D3DDC447-97A9-4AB4-94DE-1AF821857768}.Debug|x64.ActiveCfg = Debug|x64
		{D3DDC447-97A9-4AB4-94DE-1AF821857768}.Debug|x64.Build.0 = Debug|x64
		{D3DDC447-97A9-4AB4-94DE-1AF821857768}.Debug|x86.ActiveCfg = Debug|Win32
		{D3DDC447-97A9-4AB4-94DE-1AF821857768}.Debug|x86.Build.0 = Debug|Win32
		{D3DDC447-97A9-4AB4-94DE-1AF821857768}.Release|x64.ActiveCfg = Release|x64
		{D3DDC447-97A9-4AB4-94DE-1AF821857768}.Release|x64.Build.0 = Release|x64
		{D3DDC447-97A9-4AB4-94DE-1AF821857768}.Release|x86.ActiveCfg = Release|Win32
		{D3DDC447-97A9-4AB4-94DE-1AF821857768}.Release|x86.Build.0 = Release|Win32
		{8D897E93-F07F-4C82-934A-56C0037E4758}.Debug|x64.ActiveCfg = Debug|x64
		{8D897E93-F07F-4C82-934A-56C0037E4758}.Debug|x64.Build.0 = Debug|x64
		{8D897E93-F07F-4C82-934A-56C0037E4758}.Debug|x86.ActiveCfg = Debug|Win32
		{8D897E93-F07F-4C82-934A-56C0037E4758}.Debug|x86.Build.0 = Debug|Win32
		{8D897E93-F07F-4C82-934A-56C0037E4758}.Release|x64.ActiveCfg = Release|x64
		{8D897E93-F07F-4C82-934A-56C0037E4758}.Release|x64.Build.0 = Release|x64
		{8D897E93-F07F-4C82-934A-56C0037E4758}.Release|x86.ActiveCfg = Release|Win32
		{8D897E93-F07F-4C82-934A-56C0037E4758}.Release|x86.Build.0 = Release|Win32
		{D2330656-664C-423F-AA2C-64A59FB3A87D}.Debug|x64.ActiveCfg = Debug|x64
		{D2330656-664C-423F-AA2C-64A59FB3A87D}.Debug|x64.Build.0 = Debug|x64
		{D2330656-664C-423F-AA2C-64A59FB3A87D}.Debug|x86.ActiveCfg = Debug|Win32
		{D2330656-664C-423F-AA2C-64A59FB3A87D}.Debug|x86.Build.0 = Debug|Win32
		{D2330656-664C-423F-AA2C-64A59FB3A87D}.Release|x64.ActiveCfg = Release|x64
		{D2330656-664C-423F-AA2C-64A59FB3A87D}.Release|x64.Build.0 = Release|x64
		{D2330656-664C-423F-AA2C-64A59FB3A87D}.Release|x86.ActiveCfg = Release|Win32
		{D2330656-664C-423F-AA2C-64A59FB3A87D}.Release|x86.Build.0 = Release|Win32
		{62ABD286-EFF8-4387-BE6A-2F21BA126B47}.Debug|x64.ActiveCfg = Debug|x64
		{62ABD286-EFF8-4387-BE6A-2F21BA126B47}.Debug|x64.Build.0 = Debug|x64
		{62ABD286-EFF8-4387-BE6A-2F21BA126B47}.Debug|x86.ActiveCfg = Debug|Win32
		{62ABD286-EFF8-4387-BE6A-2F21BA126B47}.Debug|x86.Build.0 = Debug|Win32
		{62ABD286-EFF8-4387-BE6A-2F21BA126B47}.Release|x64.ActiveCfg = Release|x64
		{62ABD286-EFF8-4387-BE6A-2F21BA126B47}.Release|x64.Build.0 = Release|x64
		{62ABD286-EFF8-4387-BE6A-2F21BA126B47}.Release|x86.ActiveCfg = Release|Win32
		{62ABD286-EFF8-4387-BE6A-2F21BA126B47}.Release|x86.Build.0 = Release|Win32
		{FB129E0D-A736-4E93-A9B9-64D7C1D75A86}.Debug|x64.ActiveCfg = Debug|x64
		{FB129E0D-A736-4E93-A9B9-64D7C1D75A86}.Debug|x64.Build.0 = Debug|x64
		{FB129E0D-A736-4E93-A9B9-64D7C1D75A86}.Debug|x86.ActiveCfg = Debug|Win32
		{FB129E0D-A736-4E93-A9B9-64D7C1D75A86}.Debug|x86.Build.0 = Debug|Win32
		{FB129E0D-A736-4E93-A9B9-64D7C1D75A86}.Release|x64.ActiveCfg = Release|x64
		{FB129E0D-A736-4E93-A9B9-64D7C1D75A86}.Release|x64.Build.0 = Release|x64
		{FB129E0D-A736-4E93-A9B9-64D7C1D75A86}.Release|x86.ActiveCfg = Release|Win32
		{FB129E0D-A736-4E93-A9B9-64D7C1D75A86}.Release|x86.Build.0 = Release|Win32
		{8E9D32E2-8E0D-4398-A903-24CDAE5FC17D}.Debug|x64.ActiveCfg = Debug|x64
		{8E9D32E2-8E0D-4398-A903-24CDAE5FC17D}.Debug|x64.Build.0 = Debug|x64
		{8E9D32E2-8E0D-4398-A903-24CDAE5FC17D}.Debug|x86.ActiveCfg = Debug|Win32
		{8E9D32E2-8E0D-4398-A903-24CDAE5FC17D}.Debug|x86.Build.0 = Debug|Win32
		{8E9D32E2-8E0D-4398-A903-24CDAE5FC17D}.Release|x64.ActiveCfg = Release|x64
		{8E9D32E2-8E0D-4398-A903-24CDAE5FC17D}.Release|x64.Build.0 = Release|x64
		{8E9D32E2-8E0D-4398-A903-24CDAE5FC17D}.Release|x86.ActiveCfg = Release|Win32
		{8E9D32E2-8E0D-4398-A903-24CDAE5FC17D}.Release|x86.Build.0 = Release|Win32
		{D9FA8925-38D4-4125-9534-6AF6C808B4AD}.Debug|x64.ActiveCfg = Debug|x64
		{D9FA8925-38D4-4125-9534-6AF6C808B4AD}.Debug|x64.Build.0 = Debug|x64
		{D9FA8925-38D4-4125-9534-6AF6C808B4AD}.Debug|x86.ActiveCfg = Debug|Win32
		{D9FA8925-38D4-4125-9534-6AF6C808B4AD}.Debug|x86.Build.0 = Debug|Win32
		{D9FA8925-38D4-4125-9534-6AF6C808B4AD}.Release|x64.ActiveCfg = Release|x64
		{D9FA8925-38D4-4125-9534-6AF6C808B4AD}.Release|x64.Build.0 = Release|x64
		{D9FA8925-38D4-4125-9534-6AF6C808B4AD}.Release|x86.ActiveCfg = Release|Win32
		{D9FA8925-38D4-4125-9534-6AF6C808B4AD}.Release|x86.Build.0 = Release|Win32
	EndGlobalSection
	GlobalSection(SolutionProperties) = preSolution
		HideSolutionNode = FALSE
	EndGlobalSection
EndGlobal
